
Microsoft Visual Studio Solution File, Format Version 12.00
# Visual Studio Version 16
VisualStudioVersion = 16.0.31105.61
MinimumVisualStudioVersion = 10.0.40219.1
Project("{E24C65DC-7377-472B-9ABA-BC803B73C61A}") = "RockPaperScissors", "..\..\..\OneDrive\Desktop\Έκτορας Μαθήματα\RockPaperScissors\", "{AB624869-A74A-4672-BD14-C68CCF9E4E64}"
	ProjectSection(WebsiteProperties) = preProject
		TargetFrameworkMoniker = ".NETFramework,Version%3Dv4.0"
		Debug.AspNetCompiler.VirtualPath = "/localhost_51326"
		Debug.AspNetCompiler.PhysicalPath = "..\..\..\OneDrive\Desktop\Έκτορας Μαθήματα\RockPaperScissors\"
		Debug.AspNetCompiler.TargetPath = "PrecompiledWeb\localhost_51326\"
		Debug.AspNetCompiler.Updateable = "true"
		Debug.AspNetCompiler.ForceOverwrite = "true"
		Debug.AspNetCompiler.FixedNames = "false"
		Debug.AspNetCompiler.Debug = "True"
		Release.AspNetCompiler.VirtualPath = "/localhost_51326"
		Release.AspNetCompiler.PhysicalPath = "..\..\..\OneDrive\Desktop\Έκτορας Μαθήματα\RockPaperScissors\"
		Release.AspNetCompiler.TargetPath = "PrecompiledWeb\localhost_51326\"
		Release.AspNetCompiler.Updateable = "true"
		Release.AspNetCompiler.ForceOverwrite = "true"
		Release.AspNetCompiler.FixedNames = "false"
		Release.AspNetCompiler.Debug = "False"
		VWDPort = "51326"
		SlnRelativePath = "..\..\..\OneDrive\Desktop\Έκτορας Μαθήματα\RockPaperScissors\"
	EndProjectSection
EndProject
Global
	GlobalSection(SolutionConfigurationPlatforms) = preSolution
		Debug|Any CPU = Debug|Any CPU
	EndGlobalSection
	GlobalSection(ProjectConfigurationPlatforms) = postSolution
		{AB624869-A74A-4672-BD14-C68CCF9E4E64}.Debug|Any CPU.ActiveCfg = Debug|Any CPU
		{AB624869-A74A-4672-BD14-C68CCF9E4E64}.Debug|Any CPU.Build.0 = Debug|Any CPU
	EndGlobalSection
	GlobalSection(SolutionProperties) = preSolution
		HideSolutionNode = FALSE
	EndGlobalSection
	GlobalSection(ExtensibilityGlobals) = postSolution
		SolutionGuid = {C51573BF-E20D-43FA-8A00-D7122487AFD0}
	EndGlobalSection
EndGlobal
